{
    "_readme": [
        "This file locks the dependencies of your project to a known state",
        "Read more about it at https://getcomposer.org/doc/01-basic-usage.md#composer-lock-the-lock-file",
        "This file is @generated automatically"
    ],
    "hash": "11b0dfee3b933078c24dbce5bc3fc9f2",
    "content-hash": "a8388e70669568a2c9fcfb11b819bd0e",
    "packages": [
        {
            "name": "hassankhan/config",
            "version": "0.10.0",
            "source": {
                "type": "git",
                "url": "https://github.com/hassankhan/config.git",
                "reference": "06ac500348af033f1a2e44dc357ca86282626d4a"
            },
            "dist": {
                "type": "zip",
                "url": "https://api.github.com/repos/hassankhan/config/zipball/06ac500348af033f1a2e44dc357ca86282626d4a",
                "reference": "06ac500348af033f1a2e44dc357ca86282626d4a",
                "shasum": ""
            },
            "require": {
                "php": ">=5.3.0"
            },
            "require-dev": {
                "phpunit/phpunit": "~4.0",
                "scrutinizer/ocular": "~1.1",
                "squizlabs/php_codesniffer": "~2.2"
            },
            "suggest": {
                "symfony/yaml": "~2.5"
            },
            "type": "library",
            "autoload": {
                "psr-4": {
                    "Noodlehaus\\": "src"
                }
            },
            "notification-url": "https://packagist.org/downloads/",
            "license": [
                "MIT"
            ],
            "authors": [
                {
                    "name": "Hassan Khan",
                    "homepage": "http://hassankhan.me/",
                    "role": "Developer"
                }
            ],
            "description": "Lightweight configuration file loader that supports PHP, INI, XML, JSON, and YAML files",
            "homepage": "http://hassankhan.me/config/",
            "keywords": [
                "config",
                "configuration",
                "ini",
                "json",
                "microphp",
                "unframework",
                "xml",
                "yaml",
                "yml"
            ],
            "time": "2016-02-11 16:21:17"
        },
        {
            "name": "rtconner/freshbooks-api",
            "version": "dev-master",
            "source": {
                "type": "git",
                "url": "https://github.com/rtconner/freshbooks-api.git",
                "reference": "fbe2e59b83414de7890b03cf50e942746c6e25b9"
            },
            "dist": {
                "type": "zip",
                "url": "https://api.github.com/repos/rtconner/freshbooks-api/zipball/fbe2e59b83414de7890b03cf50e942746c6e25b9",
                "reference": "fbe2e59b83414de7890b03cf50e942746c6e25b9",
                "shasum": ""
            },
            "require": {
                "ext-curl": "*",
                "php": ">=5.3.0"
            },
            "type": "library",
            "autoload": {
                "psr-0": {
                    "Freshbooks\\": "src/"
                }
            },
            "notification-url": "https://packagist.org/downloads/",
            "license": [
                "MIT"
            ],
            "authors": [
                {
                    "name": "jboesch",
                    "homepage": "https://github.com/jboesch/FreshBooksRequest-PHP-API"
                },
                {
                    "name": "JasonReading",
                    "homepage": "http://jasonreading.com"
                },
                {
                    "name": "Robert Conner",
                    "homepage": "http://smartersoftware.net"
                }
            ],
            "description": "Wrapper to the FreshBooks API",
            "keywords": [
                "api",
                "freshbooks"
            ],
            "time": "2016-11-24 04:51:21"
        }
    ],
    "packages-dev": [],
    "aliases": [],
    "minimum-stability": "stable",
    "stability-flags": {
        "rtconner/freshbooks-api": 20
    },
    "prefer-stable": false,
    "prefer-lowest": false,
    "platform": [],
    "platform-dev": []
}
